
Microsoft Visual Studio Solution File, Format Version 12.00
# Visual Studio Version 17
VisualStudioVersion = 17.3.32714.290
MinimumVisualStudioVersion = 10.0.40219.1
Project("{2150E333-8FDC-42A3-9474-1A3956D46DE8}") = "Modul002", "Modul002", "{2E0211C4-46F4-4F31-AB50-3F8E38D08252}"
EndProject
Project("{9A19103F-16F7-4668-BE54-9A1E7A4F7556}") = "Modul002Demo", "Modul002Demo\Modul002Demo.csproj", "{198BF16A-978F-4406-A783-C47B035E611C}"
EndProject
Project("{FAE04EC0-301F-11D3-BF4B-00C04F79EFBC}") = "Modul002LabSolution", "Modul002LabSolution\Modul002LabSolution.csproj", "{8BA0AB07-5101-4FBD-B9FA-7F75E811B069}"
EndProject
Project("{2150E333-8FDC-42A3-9474-1A3956D46DE8}") = "Modul003", "Modul003", "{953B27C3-72D1-4305-B0C8-7E89C9023CED}"
EndProject
Project("{FAE04EC0-301F-11D3-BF4B-00C04F79EFBC}") = "Modul003Demo", "Modul003Demo\Modul003Demo.csproj", "{3DC676A6-C2D8-4C0D-AFD9-A50FBC340820}"
EndProject
Project("{FAE04EC0-301F-11D3-BF4B-00C04F79EFBC}") = "Modul003LabSolution", "Modul003LabSolution\Modul003LabSolution.csproj", "{1014C6DF-5733-402A-B82A-6EA7A6058906}"
EndProject
Project("{2150E333-8FDC-42A3-9474-1A3956D46DE8}") = "Modul004", "Modul004", "{CD31CA9A-AE98-4159-A27A-C9DBF9A0B3CD}"
EndProject
Project("{FAE04EC0-301F-11D3-BF4B-00C04F79EFBC}") = "Modul004Demo", "Modul004Demo\Modul004Demo.csproj", "{EA517C6A-576A-4048-B7EA-40B8CFE74FC4}"
EndProject
Global
	GlobalSection(SolutionConfigurationPlatforms) = preSolution
		Debug|Any CPU = Debug|Any CPU
		Release|Any CPU = Release|Any CPU
	EndGlobalSection
	GlobalSection(ProjectConfigurationPlatforms) = postSolution
		{198BF16A-978F-4406-A783-C47B035E611C}.Debug|Any CPU.ActiveCfg = Debug|Any CPU
		{198BF16A-978F-4406-A783-C47B035E611C}.Debug|Any CPU.Build.0 = Debug|Any CPU
		{198BF16A-978F-4406-A783-C47B035E611C}.Release|Any CPU.ActiveCfg = Release|Any CPU
		{198BF16A-978F-4406-A783-C47B035E611C}.Release|Any CPU.Build.0 = Release|Any CPU
		{8BA0AB07-5101-4FBD-B9FA-7F75E811B069}.Debug|Any CPU.ActiveCfg = Debug|Any CPU
		{8BA0AB07-5101-4FBD-B9FA-7F75E811B069}.Debug|Any CPU.Build.0 = Debug|Any CPU
		{8BA0AB07-5101-4FBD-B9FA-7F75E811B069}.Release|Any CPU.ActiveCfg = Release|Any CPU
		{8BA0AB07-5101-4FBD-B9FA-7F75E811B069}.Release|Any CPU.Build.0 = Release|Any CPU
		{3DC676A6-C2D8-4C0D-AFD9-A50FBC340820}.Debug|Any CPU.ActiveCfg = Debug|Any CPU
		{3DC676A6-C2D8-4C0D-AFD9-A50FBC340820}.Debug|Any CPU.Build.0 = Debug|Any CPU
		{3DC676A6-C2D8-4C0D-AFD9-A50FBC340820}.Release|Any CPU.ActiveCfg = Release|Any CPU
		{3DC676A6-C2D8-4C0D-AFD9-A50FBC340820}.Release|Any CPU.Build.0 = Release|Any CPU
		{1014C6DF-5733-402A-B82A-6EA7A6058906}.Debug|Any CPU.ActiveCfg = Debug|Any CPU
		{1014C6DF-5733-402A-B82A-6EA7A6058906}.Debug|Any CPU.Build.0 = Debug|Any CPU
		{1014C6DF-5733-402A-B82A-6EA7A6058906}.Release|Any CPU.ActiveCfg = Release|Any CPU
		{1014C6DF-5733-402A-B82A-6EA7A6058906}.Release|Any CPU.Build.0 = Release|Any CPU
		{EA517C6A-576A-4048-B7EA-40B8CFE74FC4}.Debug|Any CPU.ActiveCfg = Debug|Any CPU
		{EA517C6A-576A-4048-B7EA-40B8CFE74FC4}.Debug|Any CPU.Build.0 = Debug|Any CPU
		{EA517C6A-576A-4048-B7EA-40B8CFE74FC4}.Release|Any CPU.ActiveCfg = Release|Any CPU
		{EA517C6A-576A-4048-B7EA-40B8CFE74FC4}.Release|Any CPU.Build.0 = Release|Any CPU
	EndGlobalSection
	GlobalSection(SolutionProperties) = preSolution
		HideSolutionNode = FALSE
	EndGlobalSection
	GlobalSection(NestedProjects) = preSolution
		{198BF16A-978F-4406-A783-C47B035E611C} = {2E0211C4-46F4-4F31-AB50-3F8E38D08252}
		{8BA0AB07-5101-4FBD-B9FA-7F75E811B069} = {2E0211C4-46F4-4F31-AB50-3F8E38D08252}
		{3DC676A6-C2D8-4C0D-AFD9-A50FBC340820} = {953B27C3-72D1-4305-B0C8-7E89C9023CED}
		{1014C6DF-5733-402A-B82A-6EA7A6058906} = {953B27C3-72D1-4305-B0C8-7E89C9023CED}
		{EA517C6A-576A-4048-B7EA-40B8CFE74FC4} = {CD31CA9A-AE98-4159-A27A-C9DBF9A0B3CD}
	EndGlobalSection
	GlobalSection(ExtensibilityGlobals) = postSolution
		SolutionGuid = {8895E952-75C9-4DA1-8392-CDB99179AACC}
	EndGlobalSection
EndGlobal
